
Microsoft Visual Studio Solution File, Format Version 12.00
# Visual Studio Version 17
VisualStudioVersion = 17.5.002.0
MinimumVisualStudioVersion = 10.0.40219.1
Project("{9A19103F-16F7-4668-BE54-9A1E7A4F7556}") = "mis-221-pa6-bryleer15", "mis-221-pa6-bryleer15.csproj", "{CEDA8E63-A11C-480C-A19F-C5C9952861E1}"
EndProject
Global
	GlobalSection(SolutionConfigurationPlatforms) = preSolution
		Debug|Any CPU = Debug|Any CPU
		Release|Any CPU = Release|Any CPU
	EndGlobalSection
	GlobalSection(ProjectConfigurationPlatforms) = postSolution
		{CEDA8E63-A11C-480C-A19F-C5C9952861E1}.Debug|Any CPU.ActiveCfg = Debug|Any CPU
		{CEDA8E63-A11C-480C-A19F-C5C9952861E1}.Debug|Any CPU.Build.0 = Debug|Any CPU
		{CEDA8E63-A11C-480C-A19F-C5C9952861E1}.Release|Any CPU.ActiveCfg = Release|Any CPU
		{CEDA8E63-A11C-480C-A19F-C5C9952861E1}.Release|Any CPU.Build.0 = Release|Any CPU
	EndGlobalSection
	GlobalSection(SolutionProperties) = preSolution
		HideSolutionNode = FALSE
	EndGlobalSection
	GlobalSection(ExtensibilityGlobals) = postSolution
		SolutionGuid = {D9B1D64F-E183-4249-9A12-4B7AEDD29F5A}
	EndGlobalSection
EndGlobal
